
Microsoft Visual Studio Solution File, Format Version 11.00
# Visual Studio 2010
Project("{FAE04EC0-301F-11D3-BF4B-00C04F79EFBC}") = "Assembly-CSharp", "Assembly-CSharp.csproj", "{4fba3a20-df39-1bc6-be3b-c78a8f8000a8}"
EndProject
Project("{FAE04EC0-301F-11D3-BF4B-00C04F79EFBC}") = "RuntimeTransformHandle", "RuntimeTransformHandle.csproj", "{d42ca14d-e536-c9f4-a01c-9408fa62eff3}"
EndProject
Global
	GlobalSection(SolutionConfigurationPlatforms) = preSolution
		Debug|Any CPU = Debug|Any CPU
	EndGlobalSection
	GlobalSection(ProjectConfigurationPlatforms) = postSolution
		{4fba3a20-df39-1bc6-be3b-c78a8f8000a8}.Debug|Any CPU.ActiveCfg = Debug|Any CPU
		{4fba3a20-df39-1bc6-be3b-c78a8f8000a8}.Debug|Any CPU.Build.0 = Debug|Any CPU
		{d42ca14d-e536-c9f4-a01c-9408fa62eff3}.Debug|Any CPU.ActiveCfg = Debug|Any CPU
		{d42ca14d-e536-c9f4-a01c-9408fa62eff3}.Debug|Any CPU.Build.0 = Debug|Any CPU
	EndGlobalSection
	GlobalSection(SolutionProperties) = preSolution
		HideSolutionNode = FALSE
	EndGlobalSection
EndGlobal
